
Microsoft Visual Studio Solution File, Format Version 12.00
# Visual Studio Version 17
VisualStudioVersion = 17.7.34031.279
MinimumVisualStudioVersion = 10.0.40219.1
Project("{888888A0-9F3D-457C-B088-3A5042F75D52}") = "Logica_no_monotonica", "Logica_no_monotonica\Logica_no_monotonica.pyproj", "{113D420E-2DED-4092-B5D6-B881B2B20D09}"
EndProject
Global
	GlobalSection(SolutionConfigurationPlatforms) = preSolution
		Debug|Any CPU = Debug|Any CPU
		Release|Any CPU = Release|Any CPU
	EndGlobalSection
	GlobalSection(ProjectConfigurationPlatforms) = postSolution
		{113D420E-2DED-4092-B5D6-B881B2B20D09}.Debug|Any CPU.ActiveCfg = Debug|Any CPU
		{113D420E-2DED-4092-B5D6-B881B2B20D09}.Release|Any CPU.ActiveCfg = Release|Any CPU
	EndGlobalSection
	GlobalSection(SolutionProperties) = preSolution
		HideSolutionNode = FALSE
	EndGlobalSection
	GlobalSection(ExtensibilityGlobals) = postSolution
		SolutionGuid = {59962A56-39A8-4BC3-B9D8-04E0652D7D4B}
	EndGlobalSection
EndGlobal
