
Microsoft Visual Studio Solution File, Format Version 12.00
# Visual Studio Version 17
VisualStudioVersion = 17.7.34031.279
MinimumVisualStudioVersion = 10.0.40219.1
Project("{888888A0-9F3D-457C-B088-3A5042F75D52}") = "Busqueda en profundidad limitada", "Busqueda en profundidad limitada\Busqueda en profundidad limitada.pyproj", "{92D29608-C5F8-4E39-9C86-54692B620A97}"
EndProject
Global
	GlobalSection(SolutionConfigurationPlatforms) = preSolution
		Debug|Any CPU = Debug|Any CPU
		Release|Any CPU = Release|Any CPU
	EndGlobalSection
	GlobalSection(ProjectConfigurationPlatforms) = postSolution
		{92D29608-C5F8-4E39-9C86-54692B620A97}.Debug|Any CPU.ActiveCfg = Debug|Any CPU
		{92D29608-C5F8-4E39-9C86-54692B620A97}.Release|Any CPU.ActiveCfg = Release|Any CPU
	EndGlobalSection
	GlobalSection(SolutionProperties) = preSolution
		HideSolutionNode = FALSE
	EndGlobalSection
	GlobalSection(ExtensibilityGlobals) = postSolution
		SolutionGuid = {B7561528-FA80-4A37-8DE9-0F0F118A5937}
	EndGlobalSection
EndGlobal
