
Microsoft Visual Studio Solution File, Format Version 12.00
# Visual Studio Version 17
VisualStudioVersion = 17.7.34031.279
MinimumVisualStudioVersion = 10.0.40219.1
Project("{888888A0-9F3D-457C-B088-3A5042F75D52}") = "condicionamiento de corte", "condicionamiento de corte\condicionamiento de corte.pyproj", "{2221573B-0758-4C0A-88D0-BCB522FD031A}"
EndProject
Global
	GlobalSection(SolutionConfigurationPlatforms) = preSolution
		Debug|Any CPU = Debug|Any CPU
		Release|Any CPU = Release|Any CPU
	EndGlobalSection
	GlobalSection(ProjectConfigurationPlatforms) = postSolution
		{2221573B-0758-4C0A-88D0-BCB522FD031A}.Debug|Any CPU.ActiveCfg = Debug|Any CPU
		{2221573B-0758-4C0A-88D0-BCB522FD031A}.Release|Any CPU.ActiveCfg = Release|Any CPU
	EndGlobalSection
	GlobalSection(SolutionProperties) = preSolution
		HideSolutionNode = FALSE
	EndGlobalSection
	GlobalSection(ExtensibilityGlobals) = postSolution
		SolutionGuid = {D4DBCD7F-3259-4171-8ED9-515962EE6DA4}
	EndGlobalSection
EndGlobal
