
Microsoft Visual Studio Solution File, Format Version 12.00
# Visual Studio Version 17
VisualStudioVersion = 17.7.34031.279
MinimumVisualStudioVersion = 10.0.40219.1
Project("{888888A0-9F3D-457C-B088-3A5042F75D52}") = "Logica_modal", "Logica_modal\Logica_modal.pyproj", "{8F9D70A2-9364-4D24-9A6A-24599B0CEC0D}"
EndProject
Global
	GlobalSection(SolutionConfigurationPlatforms) = preSolution
		Debug|Any CPU = Debug|Any CPU
		Release|Any CPU = Release|Any CPU
	EndGlobalSection
	GlobalSection(ProjectConfigurationPlatforms) = postSolution
		{8F9D70A2-9364-4D24-9A6A-24599B0CEC0D}.Debug|Any CPU.ActiveCfg = Debug|Any CPU
		{8F9D70A2-9364-4D24-9A6A-24599B0CEC0D}.Release|Any CPU.ActiveCfg = Release|Any CPU
	EndGlobalSection
	GlobalSection(SolutionProperties) = preSolution
		HideSolutionNode = FALSE
	EndGlobalSection
	GlobalSection(ExtensibilityGlobals) = postSolution
		SolutionGuid = {FB7E20C6-C70D-4388-A073-91586BFFFFD9}
	EndGlobalSection
EndGlobal
